// !$*UTF8*$!
{
	archiveVersion = 1;
	classes = {
	};
	objectVersion = 46;
	objects = {

/* Begin PBXBuildFile section */
		39388A4C1760DE98002CAA74 /* Venue.m in Sources */ = {isa = PBXBuildFile; fileRef = 39388A4B1760DE98002CAA74 /* Venue.m */; };
		39388A5317610794002CAA74 /* signal.png in Resources */ = {isa = PBXBuildFile; fileRef = 39388A5217610794002CAA74 /* signal.png */; };
		39388A56176108C0002CAA74 /* VenuesListCell.m in Sources */ = {isa = PBXBuildFile; fileRef = 39388A55176108C0002CAA74 /* VenuesListCell.m */; };
		3938BFC0175E642800F46EBA /* UIKit.framework in Frameworks */ = {isa = PBXBuildFile; fileRef = 3938BFBF175E642800F46EBA /* UIKit.framework */; };
		3938BFC2175E642800F46EBA /* Foundation.framework in Frameworks */ = {isa = PBXBuildFile; fileRef = 3938BFC1175E642800F46EBA /* Foundation.framework */; };
		3938BFC4175E642800F46EBA /* CoreGraphics.framework in Frameworks */ = {isa = PBXBuildFile; fileRef = 3938BFC3175E642800F46EBA /* CoreGraphics.framework */; };
		3938BFCA175E642800F46EBA /* InfoPlist.strings in Resources */ = {isa = PBXBuildFile; fileRef = 3938BFC8175E642800F46EBA /* InfoPlist.strings */; };
		3938BFCC175E642800F46EBA /* main.m in Sources */ = {isa = PBXBuildFile; fileRef = 3938BFCB175E642800F46EBA /* main.m */; };
		3938BFD0175E642800F46EBA /* AppDelegate.m in Sources */ = {isa = PBXBuildFile; fileRef = 3938BFCF175E642800F46EBA /* AppDelegate.m */; };
		3938BFD2175E642800F46EBA /* Default.png in Resources */ = {isa = PBXBuildFile; fileRef = 3938BFD1175E642800F46EBA /* Default.png */; };
		3938BFD4175E642800F46EBA /* Default@2x.png in Resources */ = {isa = PBXBuildFile; fileRef = 3938BFD3175E642800F46EBA /* Default@2x.png */; };
		3938BFD6175E642800F46EBA /* Default-568h@2x.png in Resources */ = {isa = PBXBuildFile; fileRef = 3938BFD5175E642800F46EBA /* Default-568h@2x.png */; };
		3938BFDE175E6B5A00F46EBA /* WiFi2GoService.m in Sources */ = {isa = PBXBuildFile; fileRef = 3938BFDD175E6B5A00F46EBA /* WiFi2GoService.m */; };
		3938BFE1175E70FB00F46EBA /* TestRootViewController.m in Sources */ = {isa = PBXBuildFile; fileRef = 3938BFE0175E70FB00F46EBA /* TestRootViewController.m */; };
		39DEB4AB175F9A41009C6367 /* CoreLocation.framework in Frameworks */ = {isa = PBXBuildFile; fileRef = 39DEB4AA175F9A41009C6367 /* CoreLocation.framework */; };
		39DEB4AD175FBDA5009C6367 /* SystemConfiguration.framework in Frameworks */ = {isa = PBXBuildFile; fileRef = 39DEB4AC175FBDA5009C6367 /* SystemConfiguration.framework */; };
		39DEB4AF175FBDAB009C6367 /* MobileCoreServices.framework in Frameworks */ = {isa = PBXBuildFile; fileRef = 39DEB4AE175FBDAB009C6367 /* MobileCoreServices.framework */; };
		39E63CB1176269CE0097346A /* MockWiFi2GoService.m in Sources */ = {isa = PBXBuildFile; fileRef = 39E63CB0176269CE0097346A /* MockWiFi2GoService.m */; };
		39E63CB617626B340097346A /* WiFi2GoServiceFactory.m in Sources */ = {isa = PBXBuildFile; fileRef = 39E63CB517626B340097346A /* WiFi2GoServiceFactory.m */; };
		3D3EF678FA0F4D60A41F6EDE /* libPods.a in Frameworks */ = {isa = PBXBuildFile; fileRef = 3CE37789F61940C7A17729E1 /* libPods.a */; };
/* End PBXBuildFile section */

/* Begin PBXFileReference section */
		39388A4A1760DE98002CAA74 /* Venue.h */ = {isa = PBXFileReference; fileEncoding = 4; lastKnownFileType = sourcecode.c.h; path = Venue.h; sourceTree = "<group>"; };
		39388A4B1760DE98002CAA74 /* Venue.m */ = {isa = PBXFileReference; fileEncoding = 4; lastKnownFileType = sourcecode.c.objc; path = Venue.m; sourceTree = "<group>"; };
		39388A5217610794002CAA74 /* signal.png */ = {isa = PBXFileReference; lastKnownFileType = image.png; path = signal.png; sourceTree = "<group>"; };
		39388A54176108C0002CAA74 /* VenuesListCell.h */ = {isa = PBXFileReference; fileEncoding = 4; lastKnownFileType = sourcecode.c.h; path = VenuesListCell.h; sourceTree = "<group>"; };
		39388A55176108C0002CAA74 /* VenuesListCell.m */ = {isa = PBXFileReference; fileEncoding = 4; lastKnownFileType = sourcecode.c.objc; path = VenuesListCell.m; sourceTree = "<group>"; };
		3938BFBC175E642800F46EBA /* WiFi2Go-ios.app */ = {isa = PBXFileReference; explicitFileType = wrapper.application; includeInIndex = 0; path = "WiFi2Go-ios.app"; sourceTree = BUILT_PRODUCTS_DIR; };
		3938BFBF175E642800F46EBA /* UIKit.framework */ = {isa = PBXFileReference; lastKnownFileType = wrapper.framework; name = UIKit.framework; path = System/Library/Frameworks/UIKit.framework; sourceTree = SDKROOT; };
		3938BFC1175E642800F46EBA /* Foundation.framework */ = {isa = PBXFileReference; lastKnownFileType = wrapper.framework; name = Foundation.framework; path = System/Library/Frameworks/Foundation.framework; sourceTree = SDKROOT; };
		3938BFC3175E642800F46EBA /* CoreGraphics.framework */ = {isa = PBXFileReference; lastKnownFileType = wrapper.framework; name = CoreGraphics.framework; path = System/Library/Frameworks/CoreGraphics.framework; sourceTree = SDKROOT; };
		3938BFC7175E642800F46EBA /* WiFi2Go-ios-Info.plist */ = {isa = PBXFileReference; lastKnownFileType = text.plist.xml; path = "WiFi2Go-ios-Info.plist"; sourceTree = "<group>"; };
		3938BFC9175E642800F46EBA /* en */ = {isa = PBXFileReference; lastKnownFileType = text.plist.strings; name = en; path = en.lproj/InfoPlist.strings; sourceTree = "<group>"; };
		3938BFCB175E642800F46EBA /* main.m */ = {isa = PBXFileReference; lastKnownFileType = sourcecode.c.objc; path = main.m; sourceTree = "<group>"; };
		3938BFCD175E642800F46EBA /* WiFi2Go-ios-Prefix.pch */ = {isa = PBXFileReference; lastKnownFileType = sourcecode.c.h; path = "WiFi2Go-ios-Prefix.pch"; sourceTree = "<group>"; };
		3938BFCE175E642800F46EBA /* AppDelegate.h */ = {isa = PBXFileReference; lastKnownFileType = sourcecode.c.h; path = AppDelegate.h; sourceTree = "<group>"; };
		3938BFCF175E642800F46EBA /* AppDelegate.m */ = {isa = PBXFileReference; lastKnownFileType = sourcecode.c.objc; path = AppDelegate.m; sourceTree = "<group>"; };
		3938BFD1175E642800F46EBA /* Default.png */ = {isa = PBXFileReference; lastKnownFileType = image.png; path = Default.png; sourceTree = "<group>"; };
		3938BFD3175E642800F46EBA /* Default@2x.png */ = {isa = PBXFileReference; lastKnownFileType = image.png; path = "Default@2x.png"; sourceTree = "<group>"; };
		3938BFD5175E642800F46EBA /* Default-568h@2x.png */ = {isa = PBXFileReference; lastKnownFileType = image.png; path = "Default-568h@2x.png"; sourceTree = "<group>"; };
		3938BFDC175E6B5A00F46EBA /* WiFi2GoService.h */ = {isa = PBXFileReference; fileEncoding = 4; lastKnownFileType = sourcecode.c.h; path = WiFi2GoService.h; sourceTree = "<group>"; };
		3938BFDD175E6B5A00F46EBA /* WiFi2GoService.m */ = {isa = PBXFileReference; fileEncoding = 4; lastKnownFileType = sourcecode.c.objc; path = WiFi2GoService.m; sourceTree = "<group>"; };
		3938BFDF175E70FB00F46EBA /* TestRootViewController.h */ = {isa = PBXFileReference; fileEncoding = 4; lastKnownFileType = sourcecode.c.h; path = TestRootViewController.h; sourceTree = "<group>"; };
		3938BFE0175E70FB00F46EBA /* TestRootViewController.m */ = {isa = PBXFileReference; fileEncoding = 4; lastKnownFileType = sourcecode.c.objc; path = TestRootViewController.m; sourceTree = "<group>"; };
		39DEB4AA175F9A41009C6367 /* CoreLocation.framework */ = {isa = PBXFileReference; lastKnownFileType = wrapper.framework; name = CoreLocation.framework; path = System/Library/Frameworks/CoreLocation.framework; sourceTree = SDKROOT; };
		39DEB4AC175FBDA5009C6367 /* SystemConfiguration.framework */ = {isa = PBXFileReference; lastKnownFileType = wrapper.framework; name = SystemConfiguration.framework; path = System/Library/Frameworks/SystemConfiguration.framework; sourceTree = SDKROOT; };
		39DEB4AE175FBDAB009C6367 /* MobileCoreServices.framework */ = {isa = PBXFileReference; lastKnownFileType = wrapper.framework; name = MobileCoreServices.framework; path = System/Library/Frameworks/MobileCoreServices.framework; sourceTree = SDKROOT; };
		39E63CAF176269CE0097346A /* MockWiFi2GoService.h */ = {isa = PBXFileReference; fileEncoding = 4; lastKnownFileType = sourcecode.c.h; path = MockWiFi2GoService.h; sourceTree = "<group>"; };
		39E63CB0176269CE0097346A /* MockWiFi2GoService.m */ = {isa = PBXFileReference; fileEncoding = 4; lastKnownFileType = sourcecode.c.objc; path = MockWiFi2GoService.m; sourceTree = "<group>"; };
		39E63CB217626A0D0097346A /* WiFi2GoServiceProtocol.h */ = {isa = PBXFileReference; lastKnownFileType = sourcecode.c.h; path = WiFi2GoServiceProtocol.h; sourceTree = "<group>"; };
		39E63CB417626B340097346A /* WiFi2GoServiceFactory.h */ = {isa = PBXFileReference; fileEncoding = 4; lastKnownFileType = sourcecode.c.h; path = WiFi2GoServiceFactory.h; sourceTree = "<group>"; };
		39E63CB517626B340097346A /* WiFi2GoServiceFactory.m */ = {isa = PBXFileReference; fileEncoding = 4; lastKnownFileType = sourcecode.c.objc; path = WiFi2GoServiceFactory.m; sourceTree = "<group>"; };
		3CE37789F61940C7A17729E1 /* libPods.a */ = {isa = PBXFileReference; explicitFileType = archive.ar; includeInIndex = 0; path = libPods.a; sourceTree = BUILT_PRODUCTS_DIR; };
		822B647B4AF04CB4BFECC60B /* Pods.xcconfig */ = {isa = PBXFileReference; includeInIndex = 1; lastKnownFileType = text.xcconfig; name = Pods.xcconfig; path = Pods/Pods.xcconfig; sourceTree = SOURCE_ROOT; };
/* End PBXFileReference section */

/* Begin PBXFrameworksBuildPhase section */
		3938BFB9175E642800F46EBA /* Frameworks */ = {
			isa = PBXFrameworksBuildPhase;
			buildActionMask = 2147483647;
			files = (
				39DEB4AF175FBDAB009C6367 /* MobileCoreServices.framework in Frameworks */,
				39DEB4AD175FBDA5009C6367 /* SystemConfiguration.framework in Frameworks */,
				39DEB4AB175F9A41009C6367 /* CoreLocation.framework in Frameworks */,
				3938BFC0175E642800F46EBA /* UIKit.framework in Frameworks */,
				3938BFC2175E642800F46EBA /* Foundation.framework in Frameworks */,
				3938BFC4175E642800F46EBA /* CoreGraphics.framework in Frameworks */,
				3D3EF678FA0F4D60A41F6EDE /* libPods.a in Frameworks */,
			);
			runOnlyForDeploymentPostprocessing = 0;
		};
/* End PBXFrameworksBuildPhase section */

/* Begin PBXGroup section */
		39388A5117610788002CAA74 /* images */ = {
			isa = PBXGroup;
			children = (
				39388A5217610794002CAA74 /* signal.png */,
			);
			name = images;
			sourceTree = "<group>";
		};
		3938BFB3175E642800F46EBA = {
			isa = PBXGroup;
			children = (
				3938BFC5175E642800F46EBA /* WiFi2Go-ios */,
				3938BFBE175E642800F46EBA /* Frameworks */,
				3938BFBD175E642800F46EBA /* Products */,
				822B647B4AF04CB4BFECC60B /* Pods.xcconfig */,
			);
			sourceTree = "<group>";
		};
		3938BFBD175E642800F46EBA /* Products */ = {
			isa = PBXGroup;
			children = (
				3938BFBC175E642800F46EBA /* WiFi2Go-ios.app */,
			);
			name = Products;
			sourceTree = "<group>";
		};
		3938BFBE175E642800F46EBA /* Frameworks */ = {
			isa = PBXGroup;
			children = (
				39DEB4AE175FBDAB009C6367 /* MobileCoreServices.framework */,
				39DEB4AC175FBDA5009C6367 /* SystemConfiguration.framework */,
				39DEB4AA175F9A41009C6367 /* CoreLocation.framework */,
				3938BFBF175E642800F46EBA /* UIKit.framework */,
				3938BFC1175E642800F46EBA /* Foundation.framework */,
				3938BFC3175E642800F46EBA /* CoreGraphics.framework */,
				3CE37789F61940C7A17729E1 /* libPods.a */,
			);
			name = Frameworks;
			sourceTree = "<group>";
		};
		3938BFC5175E642800F46EBA /* WiFi2Go-ios */ = {
			isa = PBXGroup;
			children = (
				3938BFC6175E642800F46EBA /* Supporting Files */,
				39E63CB317626B000097346A /* Service */,
				39388A54176108C0002CAA74 /* VenuesListCell.h */,
				39388A55176108C0002CAA74 /* VenuesListCell.m */,
				3938BFCE175E642800F46EBA /* AppDelegate.h */,
				3938BFCF175E642800F46EBA /* AppDelegate.m */,
				3938BFDF175E70FB00F46EBA /* TestRootViewController.h */,
				3938BFE0175E70FB00F46EBA /* TestRootViewController.m */,
				39E63CB9176270820097346A /* Model */,
			);
			path = "WiFi2Go-ios";
			sourceTree = "<group>";
		};
		3938BFC6175E642800F46EBA /* Supporting Files */ = {
			isa = PBXGroup;
			children = (
				39388A5117610788002CAA74 /* images */,
				3938BFC7175E642800F46EBA /* WiFi2Go-ios-Info.plist */,
				3938BFC8175E642800F46EBA /* InfoPlist.strings */,
				3938BFCB175E642800F46EBA /* main.m */,
				3938BFCD175E642800F46EBA /* WiFi2Go-ios-Prefix.pch */,
				3938BFD1175E642800F46EBA /* Default.png */,
				3938BFD3175E642800F46EBA /* Default@2x.png */,
				3938BFD5175E642800F46EBA /* Default-568h@2x.png */,
			);
			name = "Supporting Files";
			sourceTree = "<group>";
		};
		39E63CB317626B000097346A /* Service */ = {
			isa = PBXGroup;
			children = (
				39E63CB417626B340097346A /* WiFi2GoServiceFactory.h */,
				39E63CB517626B340097346A /* WiFi2GoServiceFactory.m */,
				39E63CB217626A0D0097346A /* WiFi2GoServiceProtocol.h */,
				3938BFDC175E6B5A00F46EBA /* WiFi2GoService.h */,
				3938BFDD175E6B5A00F46EBA /* WiFi2GoService.m */,
				39E63CAF176269CE0097346A /* MockWiFi2GoService.h */,
				39E63CB0176269CE0097346A /* MockWiFi2GoService.m */,
			);
			name = Service;
			sourceTree = "<group>";
		};
		39E63CB9176270820097346A /* Model */ = {
			isa = PBXGroup;
			children = (
				39388A4A1760DE98002CAA74 /* Venue.h */,
				39388A4B1760DE98002CAA74 /* Venue.m */,
			);
			name = Model;
			sourceTree = "<group>";
		};
/* End PBXGroup section */

/* Begin PBXNativeTarget section */
		3938BFBB175E642800F46EBA /* WiFi2Go-ios */ = {
			isa = PBXNativeTarget;
			buildConfigurationList = 3938BFD9175E642800F46EBA /* Build configuration list for PBXNativeTarget "WiFi2Go-ios" */;
			buildPhases = (
				5878C539F2024E7BA62E4376 /* Check Pods Manifest.lock */,
				3938BFB8175E642800F46EBA /* Sources */,
				3938BFB9175E642800F46EBA /* Frameworks */,
				3938BFBA175E642800F46EBA /* Resources */,
				D3F4A15E7670470CB9A2BF7B /* Copy Pods Resources */,
			);
			buildRules = (
			);
			dependencies = (
			);
			name = "WiFi2Go-ios";
			productName = "WiFi2Go-ios";
			productReference = 3938BFBC175E642800F46EBA /* WiFi2Go-ios.app */;
			productType = "com.apple.product-type.application";
		};
/* End PBXNativeTarget section */

/* Begin PBXProject section */
		3938BFB4175E642800F46EBA /* Project object */ = {
			isa = PBXProject;
			attributes = {
				LastUpgradeCheck = 0460;
				ORGANIZATIONNAME = "Nicolas Ameghino";
			};
			buildConfigurationList = 3938BFB7175E642800F46EBA /* Build configuration list for PBXProject "WiFi2Go-ios" */;
			compatibilityVersion = "Xcode 3.2";
			developmentRegion = English;
			hasScannedForEncodings = 0;
			knownRegions = (
				en,
			);
			mainGroup = 3938BFB3175E642800F46EBA;
			productRefGroup = 3938BFBD175E642800F46EBA /* Products */;
			projectDirPath = "";
			projectRoot = "";
			targets = (
				3938BFBB175E642800F46EBA /* WiFi2Go-ios */,
			);
		};
/* End PBXProject section */

/* Begin PBXResourcesBuildPhase section */
		3938BFBA175E642800F46EBA /* Resources */ = {
			isa = PBXResourcesBuildPhase;
			buildActionMask = 2147483647;
			files = (
				3938BFCA175E642800F46EBA /* InfoPlist.strings in Resources */,
				3938BFD2175E642800F46EBA /* Default.png in Resources */,
				3938BFD4175E642800F46EBA /* Default@2x.png in Resources */,
				3938BFD6175E642800F46EBA /* Default-568h@2x.png in Resources */,
				39388A5317610794002CAA74 /* signal.png in Resources */,
			);
			runOnlyForDeploymentPostprocessing = 0;
		};
/* End PBXResourcesBuildPhase section */

/* Begin PBXShellScriptBuildPhase section */
		5878C539F2024E7BA62E4376 /* Check Pods Manifest.lock */ = {
			isa = PBXShellScriptBuildPhase;
			buildActionMask = 2147483647;
			files = (
			);
			inputPaths = (
			);
			name = "Check Pods Manifest.lock";
			outputPaths = (
			);
			runOnlyForDeploymentPostprocessing = 0;
			shellPath = /bin/sh;
			shellScript = "diff \"${PODS_ROOT}/../Podfile.lock\" \"${PODS_ROOT}/Manifest.lock\" > /dev/null\nif [[ $? != 0 ]] ; then\n    cat << EOM\nerror: The sandbox is not in sync with the Podfile.lock. Run 'pod install' or update your CocoaPods installation.\nEOM\n    exit 1\nfi\n";
		};
		D3F4A15E7670470CB9A2BF7B /* Copy Pods Resources */ = {
			isa = PBXShellScriptBuildPhase;
			buildActionMask = 2147483647;
			files = (
			);
			inputPaths = (
			);
			name = "Copy Pods Resources";
			outputPaths = (
			);
			runOnlyForDeploymentPostprocessing = 0;
			shellPath = /bin/sh;
			shellScript = "\"${SRCROOT}/Pods/Pods-resources.sh\"\n";
		};
/* End PBXShellScriptBuildPhase section */

/* Begin PBXSourcesBuildPhase section */
		3938BFB8175E642800F46EBA /* Sources */ = {
			isa = PBXSourcesBuildPhase;
			buildActionMask = 2147483647;
			files = (
				3938BFCC175E642800F46EBA /* main.m in Sources */,
				3938BFD0175E642800F46EBA /* AppDelegate.m in Sources */,
				3938BFDE175E6B5A00F46EBA /* WiFi2GoService.m in Sources */,
				3938BFE1175E70FB00F46EBA /* TestRootViewController.m in Sources */,
				39388A4C1760DE98002CAA74 /* Venue.m in Sources */,
				39388A56176108C0002CAA74 /* VenuesListCell.m in Sources */,
				39E63CB1176269CE0097346A /* MockWiFi2GoService.m in Sources */,
				39E63CB617626B340097346A /* WiFi2GoServiceFactory.m in Sources */,
			);
			runOnlyForDeploymentPostprocessing = 0;
		};
/* End PBXSourcesBuildPhase section */

/* Begin PBXVariantGroup section */
		3938BFC8175E642800F46EBA /* InfoPlist.strings */ = {
			isa = PBXVariantGroup;
			children = (
				3938BFC9175E642800F46EBA /* en */,
			);
			name = InfoPlist.strings;
			sourceTree = "<group>";
		};
/* End PBXVariantGroup section */

/* Begin XCBuildConfiguration section */
		3938BFD7175E642800F46EBA /* Debug */ = {
			isa = XCBuildConfiguration;
			buildSettings = {
				ALWAYS_SEARCH_USER_PATHS = NO;
				CLANG_CXX_LANGUAGE_STANDARD = "gnu++0x";
				CLANG_CXX_LIBRARY = "libc++";
				CLANG_ENABLE_OBJC_ARC = YES;
				CLANG_WARN_CONSTANT_CONVERSION = YES;
				CLANG_WARN_EMPTY_BODY = YES;
				CLANG_WARN_ENUM_CONVERSION = YES;
				CLANG_WARN_INT_CONVERSION = YES;
				CLANG_WARN__DUPLICATE_METHOD_MATCH = YES;
				"CODE_SIGN_IDENTITY[sdk=iphoneos*]" = "iPhone Developer";
				COPY_PHASE_STRIP = NO;
				GCC_C_LANGUAGE_STANDARD = gnu99;
				GCC_DYNAMIC_NO_PIC = NO;
				GCC_OPTIMIZATION_LEVEL = 0;
				GCC_PREPROCESSOR_DEFINITIONS = (
					"DEBUG=1",
					"$(inherited)",
				);
				GCC_SYMBOLS_PRIVATE_EXTERN = NO;
				GCC_WARN_ABOUT_RETURN_TYPE = YES;
				GCC_WARN_UNINITIALIZED_AUTOS = YES;
				GCC_WARN_UNUSED_VARIABLE = YES;
				IPHONEOS_DEPLOYMENT_TARGET = 6.1;
				ONLY_ACTIVE_ARCH = YES;
				SDKROOT = iphoneos;
				TARGETED_DEVICE_FAMILY = "1,2";
			};
			name = Debug;
		};
		3938BFD8175E642800F46EBA /* Release */ = {
			isa = XCBuildConfiguration;
			buildSettings = {
				ALWAYS_SEARCH_USER_PATHS = NO;
				CLANG_CXX_LANGUAGE_STANDARD = "gnu++0x";
				CLANG_CXX_LIBRARY = "libc++";
				CLANG_ENABLE_OBJC_ARC = YES;
				CLANG_WARN_CONSTANT_CONVERSION = YES;
				CLANG_WARN_EMPTY_BODY = YES;
				CLANG_WARN_ENUM_CONVERSION = YES;
				CLANG_WARN_INT_CONVERSION = YES;
				CLANG_WARN__DUPLICATE_METHOD_MATCH = YES;
				"CODE_SIGN_IDENTITY[sdk=iphoneos*]" = "iPhone Developer";
				COPY_PHASE_STRIP = YES;
				GCC_C_LANGUAGE_STANDARD = gnu99;
				GCC_WARN_ABOUT_RETURN_TYPE = YES;
				GCC_WARN_UNINITIALIZED_AUTOS = YES;
				GCC_WARN_UNUSED_VARIABLE = YES;
				IPHONEOS_DEPLOYMENT_TARGET = 6.1;
				OTHER_CFLAGS = "-DNS_BLOCK_ASSERTIONS=1";
				SDKROOT = iphoneos;
				TARGETED_DEVICE_FAMILY = "1,2";
				VALIDATE_PRODUCT = YES;
			};
			name = Release;
		};
		3938BFDA175E642800F46EBA /* Debug */ = {
			isa = XCBuildConfiguration;
			baseConfigurationReference = 822B647B4AF04CB4BFECC60B /* Pods.xcconfig */;
			buildSettings = {
				GCC_PRECOMPILE_PREFIX_HEADER = YES;
				GCC_PREFIX_HEADER = "WiFi2Go-ios/WiFi2Go-ios-Prefix.pch";
				INFOPLIST_FILE = "WiFi2Go-ios/WiFi2Go-ios-Info.plist";
				PRODUCT_NAME = "$(TARGET_NAME)";
				WRAPPER_EXTENSION = app;
			};
			name = Debug;
		};
		3938BFDB175E642800F46EBA /* Release */ = {
			isa = XCBuildConfiguration;
			baseConfigurationReference = 822B647B4AF04CB4BFECC60B /* Pods.xcconfig */;
			buildSettings = {
				GCC_PRECOMPILE_PREFIX_HEADER = YES;
				GCC_PREFIX_HEADER = "WiFi2Go-ios/WiFi2Go-ios-Prefix.pch";
				INFOPLIST_FILE = "WiFi2Go-ios/WiFi2Go-ios-Info.plist";
				PRODUCT_NAME = "$(TARGET_NAME)";
				WRAPPER_EXTENSION = app;
			};
			name = Release;
		};
/* End XCBuildConfiguration section */

/* Begin XCConfigurationList section */
		3938BFB7175E642800F46EBA /* Build configuration list for PBXProject "WiFi2Go-ios" */ = {
			isa = XCConfigurationList;
			buildConfigurations = (
				3938BFD7175E642800F46EBA /* Debug */,
				3938BFD8175E642800F46EBA /* Release */,
			);
			defaultConfigurationIsVisible = 0;
			defaultConfigurationName = Release;
		};
		3938BFD9175E642800F46EBA /* Build configuration list for PBXNativeTarget "WiFi2Go-ios" */ = {
			isa = XCConfigurationList;
			buildConfigurations = (
				3938BFDA175E642800F46EBA /* Debug */,
				3938BFDB175E642800F46EBA /* Release */,
			);
			defaultConfigurationIsVisible = 0;
			defaultConfigurationName = Release;
		};
/* End XCConfigurationList section */
	};
	rootObject = 3938BFB4175E642800F46EBA /* Project object */;
}
